
Microsoft Visual Studio Solution File, Format Version 12.00
# Visual Studio Version 16
VisualStudioVersion = 16.0.30717.126
MinimumVisualStudioVersion = 10.0.40219.1
Project("{FAE04EC0-301F-11D3-BF4B-00C04F79EFBC}") = "ServerApp1", "ServerApp1.csproj", "{BC9A0984-A5C2-45DF-BA31-E946FB700BC5}"
EndProject
Global
	GlobalSection(SolutionConfigurationPlatforms) = preSolution
		Debug|Any CPU = Debug|Any CPU
		Release|Any CPU = Release|Any CPU
	EndGlobalSection
	GlobalSection(ProjectConfigurationPlatforms) = postSolution
		{BC9A0984-A5C2-45DF-BA31-E946FB700BC5}.Debug|Any CPU.ActiveCfg = Debug|Any CPU
		{BC9A0984-A5C2-45DF-BA31-E946FB700BC5}.Debug|Any CPU.Build.0 = Debug|Any CPU
		{BC9A0984-A5C2-45DF-BA31-E946FB700BC5}.Release|Any CPU.ActiveCfg = Release|Any CPU
		{BC9A0984-A5C2-45DF-BA31-E946FB700BC5}.Release|Any CPU.Build.0 = Release|Any CPU
	EndGlobalSection
	GlobalSection(SolutionProperties) = preSolution
		HideSolutionNode = FALSE
	EndGlobalSection
	GlobalSection(ExtensibilityGlobals) = postSolution
		SolutionGuid = {1F13EB33-F363-4324-99C3-00649B210C7A}
	EndGlobalSection
EndGlobal
